
Microsoft Visual Studio Solution File, Format Version 12.00
# Visual Studio 14
VisualStudioVersion = 14.0.23107.0
MinimumVisualStudioVersion = 10.0.40219.1
Project("{FAE04EC0-301F-11D3-BF4B-00C04F79EFBC}") = "MakeItMio", "src\MakeItMio\MakeItMio.csproj", "{E2B1104D-506F-445A-899B-4E79612DA25A}"
EndProject
Project("{2150E333-8FDC-42A3-9474-1A3956D46DE8}") = "Configuration", "Configuration", "{C18E9CBD-9B00-436F-8F99-23FC9ED3C74D}"
	ProjectSection(SolutionItems) = preProject
		.gitignore = .gitignore
		src\MakeItMio\App_Config\Include\Project\DevSettings.config = src\MakeItMio\App_Config\Include\Project\DevSettings.config
		gulp-config.js = gulp-config.js
		gulpfile.js = gulpfile.js
	EndProjectSection
EndProject
Global
	GlobalSection(SolutionConfigurationPlatforms) = preSolution
		Debug|Any CPU = Debug|Any CPU
		Release|Any CPU = Release|Any CPU
	EndGlobalSection
	GlobalSection(ProjectConfigurationPlatforms) = postSolution
		{E2B1104D-506F-445A-899B-4E79612DA25A}.Debug|Any CPU.ActiveCfg = Debug|Any CPU
		{E2B1104D-506F-445A-899B-4E79612DA25A}.Debug|Any CPU.Build.0 = Debug|Any CPU
		{E2B1104D-506F-445A-899B-4E79612DA25A}.Release|Any CPU.ActiveCfg = Release|Any CPU
		{E2B1104D-506F-445A-899B-4E79612DA25A}.Release|Any CPU.Build.0 = Release|Any CPU
	EndGlobalSection
	GlobalSection(SolutionProperties) = preSolution
		HideSolutionNode = FALSE
	EndGlobalSection
EndGlobal
